
Microsoft Visual Studio Solution File, Format Version 12.00
# Visual Studio Version 17
VisualStudioVersion = 17.8.34511.84
MinimumVisualStudioVersion = 10.0.40219.1
Project("{FAE04EC0-301F-11D3-BF4B-00C04F79EFBC}") = "App1", "App1.csproj", "{BB6A252A-523B-430E-8F12-B8EA76827728}"
EndProject
Global
	GlobalSection(SolutionConfigurationPlatforms) = preSolution
		Debug|Any CPU = Debug|Any CPU
		Release|Any CPU = Release|Any CPU
	EndGlobalSection
	GlobalSection(ProjectConfigurationPlatforms) = postSolution
		{BB6A252A-523B-430E-8F12-B8EA76827728}.Debug|Any CPU.ActiveCfg = Debug|Any CPU
		{BB6A252A-523B-430E-8F12-B8EA76827728}.Debug|Any CPU.Build.0 = Debug|Any CPU
		{BB6A252A-523B-430E-8F12-B8EA76827728}.Release|Any CPU.ActiveCfg = Release|Any CPU
		{BB6A252A-523B-430E-8F12-B8EA76827728}.Release|Any CPU.Build.0 = Release|Any CPU
	EndGlobalSection
	GlobalSection(SolutionProperties) = preSolution
		HideSolutionNode = FALSE
	EndGlobalSection
	GlobalSection(ExtensibilityGlobals) = postSolution
		SolutionGuid = {84A24F01-BB92-4132-A220-2F99EE910A63}
	EndGlobalSection
EndGlobal
